
Microsoft Visual Studio Solution File, Format Version 12.00
# Visual Studio 15
VisualStudioVersion = 15.0.28307.329
MinimumVisualStudioVersion = 10.0.40219.1
Project("{8BC9CEB8-8B4A-11D0-8D11-00A0C91BC942}") = "grossSalary", "grossSalary\grossSalary.vcxproj", "{FF7A419C-7FCC-4EFF-8CF3-996F00B4FECB}"
EndProject
Global
	GlobalSection(SolutionConfigurationPlatforms) = preSolution
		Debug|x64 = Debug|x64
		Debug|x86 = Debug|x86
		Release|x64 = Release|x64
		Release|x86 = Release|x86
	EndGlobalSection
	GlobalSection(ProjectConfigurationPlatforms) = postSolution
		{FF7A419C-7FCC-4EFF-8CF3-996F00B4FECB}.Debug|x64.ActiveCfg = Debug|x64
		{FF7A419C-7FCC-4EFF-8CF3-996F00B4FECB}.Debug|x64.Build.0 = Debug|x64
		{FF7A419C-7FCC-4EFF-8CF3-996F00B4FECB}.Debug|x86.ActiveCfg = Debug|Win32
		{FF7A419C-7FCC-4EFF-8CF3-996F00B4FECB}.Debug|x86.Build.0 = Debug|Win32
		{FF7A419C-7FCC-4EFF-8CF3-996F00B4FECB}.Release|x64.ActiveCfg = Release|x64
		{FF7A419C-7FCC-4EFF-8CF3-996F00B4FECB}.Release|x64.Build.0 = Release|x64
		{FF7A419C-7FCC-4EFF-8CF3-996F00B4FECB}.Release|x86.ActiveCfg = Release|Win32
		{FF7A419C-7FCC-4EFF-8CF3-996F00B4FECB}.Release|x86.Build.0 = Release|Win32
	EndGlobalSection
	GlobalSection(SolutionProperties) = preSolution
		HideSolutionNode = FALSE
	EndGlobalSection
	GlobalSection(ExtensibilityGlobals) = postSolution
		SolutionGuid = {94F00FD0-2130-42AE-BBC8-6AAD9335BC09}
	EndGlobalSection
EndGlobal
