
Microsoft Visual Studio Solution File, Format Version 12.00
# Visual Studio 15
VisualStudioVersion = 15.0.28307.329
MinimumVisualStudioVersion = 10.0.40219.1
Project("{8BC9CEB8-8B4A-11D0-8D11-00A0C91BC942}") = "binHex", "binHex\binHex.vcxproj", "{FDFC2A1D-53CF-4E45-8568-52B5CDF647C7}"
EndProject
Global
	GlobalSection(SolutionConfigurationPlatforms) = preSolution
		Debug|x64 = Debug|x64
		Debug|x86 = Debug|x86
		Release|x64 = Release|x64
		Release|x86 = Release|x86
	EndGlobalSection
	GlobalSection(ProjectConfigurationPlatforms) = postSolution
		{FDFC2A1D-53CF-4E45-8568-52B5CDF647C7}.Debug|x64.ActiveCfg = Debug|x64
		{FDFC2A1D-53CF-4E45-8568-52B5CDF647C7}.Debug|x64.Build.0 = Debug|x64
		{FDFC2A1D-53CF-4E45-8568-52B5CDF647C7}.Debug|x86.ActiveCfg = Debug|Win32
		{FDFC2A1D-53CF-4E45-8568-52B5CDF647C7}.Debug|x86.Build.0 = Debug|Win32
		{FDFC2A1D-53CF-4E45-8568-52B5CDF647C7}.Release|x64.ActiveCfg = Release|x64
		{FDFC2A1D-53CF-4E45-8568-52B5CDF647C7}.Release|x64.Build.0 = Release|x64
		{FDFC2A1D-53CF-4E45-8568-52B5CDF647C7}.Release|x86.ActiveCfg = Release|Win32
		{FDFC2A1D-53CF-4E45-8568-52B5CDF647C7}.Release|x86.Build.0 = Release|Win32
	EndGlobalSection
	GlobalSection(SolutionProperties) = preSolution
		HideSolutionNode = FALSE
	EndGlobalSection
	GlobalSection(ExtensibilityGlobals) = postSolution
		SolutionGuid = {036C2F10-B744-4251-9333-E7BBBA5E13D5}
	EndGlobalSection
EndGlobal
